
Microsoft Visual Studio Solution File, Format Version 12.00
# Visual Studio Version 17
VisualStudioVersion = 17.4.33122.133
MinimumVisualStudioVersion = 10.0.40219.1
Project("{8BC9CEB8-8B4A-11D0-8D11-00A0C91BC942}") = "AppLocker", "AppLocker\AppLocker.vcxproj", "{CE278526-C016-439C-A662-356B9F164F16}"
EndProject
Global
	GlobalSection(SolutionConfigurationPlatforms) = preSolution
		Debug|x64 = Debug|x64
		Release|x64 = Release|x64
	EndGlobalSection
	GlobalSection(ProjectConfigurationPlatforms) = postSolution
		{CE278526-C016-439C-A662-356B9F164F16}.Debug|x64.ActiveCfg = Debug|x64
		{CE278526-C016-439C-A662-356B9F164F16}.Debug|x64.Build.0 = Debug|x64
		{CE278526-C016-439C-A662-356B9F164F16}.Release|x64.ActiveCfg = Release|x64
		{CE278526-C016-439C-A662-356B9F164F16}.Release|x64.Build.0 = Release|x64
	EndGlobalSection
	GlobalSection(SolutionProperties) = preSolution
		HideSolutionNode = FALSE
	EndGlobalSection
	GlobalSection(ExtensibilityGlobals) = postSolution
		SolutionGuid = {8F8CAA8F-AD2F-4FB9-A4D5-545F5463ED62}
	EndGlobalSection
EndGlobal
